
Microsoft Visual Studio Solution File, Format Version 12.00
# Visual Studio 15
VisualStudioVersion = 15.0.28307.421
MinimumVisualStudioVersion = 10.0.40219.1
Project("{FAE04EC0-301F-11D3-BF4B-00C04F79EFBC}") = "标准字头密码", "标准字头密码\标准字头密码.csproj", "{BD6250A5-BC16-4BE8-9D65-DE2E7EFB0B5A}"
EndProject
Global
	GlobalSection(SolutionConfigurationPlatforms) = preSolution
		Debug|Any CPU = Debug|Any CPU
		Release|Any CPU = Release|Any CPU
	EndGlobalSection
	GlobalSection(ProjectConfigurationPlatforms) = postSolution
		{BD6250A5-BC16-4BE8-9D65-DE2E7EFB0B5A}.Debug|Any CPU.ActiveCfg = Debug|Any CPU
		{BD6250A5-BC16-4BE8-9D65-DE2E7EFB0B5A}.Debug|Any CPU.Build.0 = Debug|Any CPU
		{BD6250A5-BC16-4BE8-9D65-DE2E7EFB0B5A}.Release|Any CPU.ActiveCfg = Release|Any CPU
		{BD6250A5-BC16-4BE8-9D65-DE2E7EFB0B5A}.Release|Any CPU.Build.0 = Release|Any CPU
	EndGlobalSection
	GlobalSection(SolutionProperties) = preSolution
		HideSolutionNode = FALSE
	EndGlobalSection
	GlobalSection(ExtensibilityGlobals) = postSolution
		SolutionGuid = {C6AB7971-389B-40D2-A0D3-0F48D4A1D879}
	EndGlobalSection
EndGlobal
