
Microsoft Visual Studio Solution File, Format Version 12.00
# Visual Studio 15
VisualStudioVersion = 15.0.28307.421
MinimumVisualStudioVersion = 10.0.40219.1
Project("{FAE04EC0-301F-11D3-BF4B-00C04F79EFBC}") = "维吉尼亚密码", "维吉尼亚密码\维吉尼亚密码.csproj", "{98053BE8-B163-4CA8-9910-79D36843BC31}"
EndProject
Global
	GlobalSection(SolutionConfigurationPlatforms) = preSolution
		Debug|Any CPU = Debug|Any CPU
		Release|Any CPU = Release|Any CPU
	EndGlobalSection
	GlobalSection(ProjectConfigurationPlatforms) = postSolution
		{98053BE8-B163-4CA8-9910-79D36843BC31}.Debug|Any CPU.ActiveCfg = Debug|Any CPU
		{98053BE8-B163-4CA8-9910-79D36843BC31}.Debug|Any CPU.Build.0 = Debug|Any CPU
		{98053BE8-B163-4CA8-9910-79D36843BC31}.Release|Any CPU.ActiveCfg = Release|Any CPU
		{98053BE8-B163-4CA8-9910-79D36843BC31}.Release|Any CPU.Build.0 = Release|Any CPU
	EndGlobalSection
	GlobalSection(SolutionProperties) = preSolution
		HideSolutionNode = FALSE
	EndGlobalSection
	GlobalSection(ExtensibilityGlobals) = postSolution
		SolutionGuid = {ED735CC2-8517-451E-8361-F3CD4AD2A563}
	EndGlobalSection
EndGlobal
