
Microsoft Visual Studio Solution File, Format Version 12.00
# Visual Studio 15
VisualStudioVersion = 15.0.28307.421
MinimumVisualStudioVersion = 10.0.40219.1
Project("{FAE04EC0-301F-11D3-BF4B-00C04F79EFBC}") = "加密算法", "加密算法\加密算法.csproj", "{B6B037CB-54D2-4B88-A10D-8C201CE1576A}"
EndProject
Global
	GlobalSection(SolutionConfigurationPlatforms) = preSolution
		Debug|Any CPU = Debug|Any CPU
		Release|Any CPU = Release|Any CPU
	EndGlobalSection
	GlobalSection(ProjectConfigurationPlatforms) = postSolution
		{B6B037CB-54D2-4B88-A10D-8C201CE1576A}.Debug|Any CPU.ActiveCfg = Debug|Any CPU
		{B6B037CB-54D2-4B88-A10D-8C201CE1576A}.Debug|Any CPU.Build.0 = Debug|Any CPU
		{B6B037CB-54D2-4B88-A10D-8C201CE1576A}.Release|Any CPU.ActiveCfg = Release|Any CPU
		{B6B037CB-54D2-4B88-A10D-8C201CE1576A}.Release|Any CPU.Build.0 = Release|Any CPU
	EndGlobalSection
	GlobalSection(SolutionProperties) = preSolution
		HideSolutionNode = FALSE
	EndGlobalSection
	GlobalSection(ExtensibilityGlobals) = postSolution
		SolutionGuid = {99E15BEF-6B7E-4745-BE33-C27977C5C2A6}
	EndGlobalSection
EndGlobal
